
Microsoft Visual Studio Solution File, Format Version 12.00
Project("{FAE04EC0-301F-11D3-BF4B-00C04F79EFBC}") = "WebDAVClient", "WebDAVClient\WebDAVClient.csproj", "{F37AAA12-F18E-4D8E-A968-36EB2001CEA8}"
EndProject
Project("{FAE04EC0-301F-11D3-BF4B-00C04F79EFBC}") = "TestWebDAVClient", "TestWebDAVClient\TestWebDAVClient.csproj", "{187C7EA8-DFCC-4F00-8FE7-CD051B9CE79A}"
EndProject
Global
	GlobalSection(SolutionConfigurationPlatforms) = preSolution
		Debug|Any CPU = Debug|Any CPU
		Release|Any CPU = Release|Any CPU
	EndGlobalSection
	GlobalSection(ProjectConfigurationPlatforms) = postSolution
		{F37AAA12-F18E-4D8E-A968-36EB2001CEA8}.Debug|Any CPU.ActiveCfg = Debug|Any CPU
		{F37AAA12-F18E-4D8E-A968-36EB2001CEA8}.Debug|Any CPU.Build.0 = Debug|Any CPU
		{F37AAA12-F18E-4D8E-A968-36EB2001CEA8}.Release|Any CPU.ActiveCfg = Release|Any CPU
		{F37AAA12-F18E-4D8E-A968-36EB2001CEA8}.Release|Any CPU.Build.0 = Release|Any CPU
		{187C7EA8-DFCC-4F00-8FE7-CD051B9CE79A}.Debug|Any CPU.ActiveCfg = Debug|Any CPU
		{187C7EA8-DFCC-4F00-8FE7-CD051B9CE79A}.Debug|Any CPU.Build.0 = Debug|Any CPU
		{187C7EA8-DFCC-4F00-8FE7-CD051B9CE79A}.Release|Any CPU.ActiveCfg = Release|Any CPU
		{187C7EA8-DFCC-4F00-8FE7-CD051B9CE79A}.Release|Any CPU.Build.0 = Release|Any CPU
	EndGlobalSection
EndGlobal
