
Microsoft Visual Studio Solution File, Format Version 12.00
# Visual Studio Version 17
VisualStudioVersion = 17.7.33913.275
MinimumVisualStudioVersion = 10.0.40219.1
Project("{9A19103F-16F7-4668-BE54-9A1E7A4F7556}") = "WebDAVClient", "WebDAVClient\WebDAVClient.csproj", "{F21EB154-C84E-4390-87CF-271E3DF4F059}"
EndProject
Project("{9A19103F-16F7-4668-BE54-9A1E7A4F7556}") = "TestWebDAVClient", "TestWebDAVClient\TestWebDAVClient.csproj", "{C8999849-83F9-4B2A-AFD6-1C6ED43A4B87}"
EndProject
Global
	GlobalSection(SolutionConfigurationPlatforms) = preSolution
		Debug|Any CPU = Debug|Any CPU
		Release|Any CPU = Release|Any CPU
	EndGlobalSection
	GlobalSection(ProjectConfigurationPlatforms) = postSolution
		{F21EB154-C84E-4390-87CF-271E3DF4F059}.Debug|Any CPU.ActiveCfg = Debug|Any CPU
		{F21EB154-C84E-4390-87CF-271E3DF4F059}.Debug|Any CPU.Build.0 = Debug|Any CPU
		{F21EB154-C84E-4390-87CF-271E3DF4F059}.Release|Any CPU.ActiveCfg = Release|Any CPU
		{F21EB154-C84E-4390-87CF-271E3DF4F059}.Release|Any CPU.Build.0 = Release|Any CPU
		{C8999849-83F9-4B2A-AFD6-1C6ED43A4B87}.Debug|Any CPU.ActiveCfg = Debug|Any CPU
		{C8999849-83F9-4B2A-AFD6-1C6ED43A4B87}.Debug|Any CPU.Build.0 = Debug|Any CPU
		{C8999849-83F9-4B2A-AFD6-1C6ED43A4B87}.Release|Any CPU.ActiveCfg = Release|Any CPU
		{C8999849-83F9-4B2A-AFD6-1C6ED43A4B87}.Release|Any CPU.Build.0 = Release|Any CPU
	EndGlobalSection
	GlobalSection(SolutionProperties) = preSolution
		HideSolutionNode = FALSE
	EndGlobalSection
	GlobalSection(ExtensibilityGlobals) = postSolution
		SolutionGuid = {A49CDF2B-0E22-490F-97BF-6F614A4445B0}
	EndGlobalSection
EndGlobal
